// !$*UTF8*$!
{
	archiveVersion = 1;
	classes = {
	};
	objectVersion = 55;
	objects = {

/* Begin PBXBuildFile section */
		08434B78A201B049AAF4B418 /* Pods_Book_Finder_AppTests.framework in Frameworks */ = {isa = PBXBuildFile; fileRef = C67ED621B7A74FBFAA5A4769 /* Pods_Book_Finder_AppTests.framework */; };
		471BA4C91C08B1E137A38C83 /* Pods_Book_Finder_App_Book_Finder_AppUITests.framework in Frameworks */ = {isa = PBXBuildFile; fileRef = 59C6500074290CF56CF38A7E /* Pods_Book_Finder_App_Book_Finder_AppUITests.framework */; };
		9E3F18C90B16164C950DE18A /* Pods_Book_Finder_App.framework in Frameworks */ = {isa = PBXBuildFile; fileRef = 4552B433BE3EFA8C93B4CC37 /* Pods_Book_Finder_App.framework */; };
		AC4895B728C73A1A003D230F /* AppDelegate.swift in Sources */ = {isa = PBXBuildFile; fileRef = AC4895B628C73A1A003D230F /* AppDelegate.swift */; };
		AC4895B928C73A1A003D230F /* SceneDelegate.swift in Sources */ = {isa = PBXBuildFile; fileRef = AC4895B828C73A1A003D230F /* SceneDelegate.swift */; };
		AC4895BB28C73A1A003D230F /* MainViewController.swift in Sources */ = {isa = PBXBuildFile; fileRef = AC4895BA28C73A1A003D230F /* MainViewController.swift */; };
		AC4895C028C73A1B003D230F /* Assets.xcassets in Resources */ = {isa = PBXBuildFile; fileRef = AC4895BF28C73A1B003D230F /* Assets.xcassets */; };
		AC4895C328C73A1B003D230F /* LaunchScreen.storyboard in Resources */ = {isa = PBXBuildFile; fileRef = AC4895C128C73A1B003D230F /* LaunchScreen.storyboard */; };
		AC4895CE28C73A1B003D230F /* Book_Finder_AppTests.swift in Sources */ = {isa = PBXBuildFile; fileRef = AC4895CD28C73A1B003D230F /* Book_Finder_AppTests.swift */; };
		AC4895D828C73A1B003D230F /* Book_Finder_AppUITests.swift in Sources */ = {isa = PBXBuildFile; fileRef = AC4895D728C73A1B003D230F /* Book_Finder_AppUITests.swift */; };
		AC4895DA28C73A1B003D230F /* Book_Finder_AppUITestsLaunchTests.swift in Sources */ = {isa = PBXBuildFile; fileRef = AC4895D928C73A1B003D230F /* Book_Finder_AppUITestsLaunchTests.swift */; };
		AC80C2C928C9943E00297C85 /* UIViewController + Extension.swift in Sources */ = {isa = PBXBuildFile; fileRef = AC80C2C828C9943E00297C85 /* UIViewController + Extension.swift */; };
		AC80C2CB28C99B5600297C85 /* Error + Extension.swift in Sources */ = {isa = PBXBuildFile; fileRef = AC80C2CA28C99B5600297C85 /* Error + Extension.swift */; };
		AC80C2CE28C9BF0400297C85 /* BookDetailView.swift in Sources */ = {isa = PBXBuildFile; fileRef = AC80C2CD28C9BF0400297C85 /* BookDetailView.swift */; };
		AC80C2D028C9BF0C00297C85 /* BookDetailViewModel.swift in Sources */ = {isa = PBXBuildFile; fileRef = AC80C2CF28C9BF0C00297C85 /* BookDetailViewModel.swift */; };
		AC80C2D228C9BF1500297C85 /* BookDetailViewController.swift in Sources */ = {isa = PBXBuildFile; fileRef = AC80C2D128C9BF1500297C85 /* BookDetailViewController.swift */; };
		AC9F9DEF28C74E6200CCBE07 /* APIError.swift in Sources */ = {isa = PBXBuildFile; fileRef = AC9F9DEE28C74E6200CCBE07 /* APIError.swift */; };
		AC9F9DF128C7582900CCBE07 /* APIModel.swift in Sources */ = {isa = PBXBuildFile; fileRef = AC9F9DF028C7582900CCBE07 /* APIModel.swift */; };
		AC9F9DF328C758A700CCBE07 /* HTTPMethod.swift in Sources */ = {isa = PBXBuildFile; fileRef = AC9F9DF228C758A700CCBE07 /* HTTPMethod.swift */; };
		AC9F9DF828C763BE00CCBE07 /* SearchResult.swift in Sources */ = {isa = PBXBuildFile; fileRef = AC9F9DF728C763BE00CCBE07 /* SearchResult.swift */; };
		AC9F9DFA28C7687400CCBE07 /* BookInfo.swift in Sources */ = {isa = PBXBuildFile; fileRef = AC9F9DF928C7687400CCBE07 /* BookInfo.swift */; };
		AC9F9DFC28C76A7100CCBE07 /* testSearchResult.json in Resources */ = {isa = PBXBuildFile; fileRef = AC9F9DFB28C76A7100CCBE07 /* testSearchResult.json */; };
		AC9F9DFE28C76B5600CCBE07 /* DataDecoder.swift in Sources */ = {isa = PBXBuildFile; fileRef = AC9F9DFD28C76B5600CCBE07 /* DataDecoder.swift */; };
		ACB9C94F28C7427D0061C492 /* NetworkHandler.swift in Sources */ = {isa = PBXBuildFile; fileRef = ACB9C94E28C7427D0061C492 /* NetworkHandler.swift */; };
		ACBBE02828C9EEF8001C818D /* BookMainInfoView.swift in Sources */ = {isa = PBXBuildFile; fileRef = ACBBE02728C9EEF8001C818D /* BookMainInfoView.swift */; };
		ACBBE02A28C9F3F1001C818D /* BookDescriptionView.swift in Sources */ = {isa = PBXBuildFile; fileRef = ACBBE02928C9F3F1001C818D /* BookDescriptionView.swift */; };
		ACBBE02C28C9FE8F001C818D /* BookSubInfoView.swift in Sources */ = {isa = PBXBuildFile; fileRef = ACBBE02B28C9FE8F001C818D /* BookSubInfoView.swift */; };
		ACBBE02E28CA2333001C818D /* BookPublishInfoView.swift in Sources */ = {isa = PBXBuildFile; fileRef = ACBBE02D28CA2333001C818D /* BookPublishInfoView.swift */; };
		ACBD1C0F28C9CF780030F2AE /* UIView + Extension.swift in Sources */ = {isa = PBXBuildFile; fileRef = ACBD1C0E28C9CF780030F2AE /* UIView + Extension.swift */; };
		ACCD094C28C8514800D06F29 /* Collection + Extension.swift in Sources */ = {isa = PBXBuildFile; fileRef = ACCD094B28C8514800D06F29 /* Collection + Extension.swift */; };
		ACCD094E28C85E3000D06F29 /* UIImageView + Extension.swift in Sources */ = {isa = PBXBuildFile; fileRef = ACCD094D28C85E3000D06F29 /* UIImageView + Extension.swift */; };
		ACCD095028C871B000D06F29 /* BookListCellViewModel.swift in Sources */ = {isa = PBXBuildFile; fileRef = ACCD094F28C871B000D06F29 /* BookListCellViewModel.swift */; };
		ACCD095328C87B7F00D06F29 /* ImageCacheManager.swift in Sources */ = {isa = PBXBuildFile; fileRef = ACCD095228C87B7F00D06F29 /* ImageCacheManager.swift */; };
		ACD5213428C79B1B0027F653 /* MainView.swift in Sources */ = {isa = PBXBuildFile; fileRef = ACD5213328C79B1B0027F653 /* MainView.swift */; };
		ACD5213628C79B220027F653 /* MainViewModel.swift in Sources */ = {isa = PBXBuildFile; fileRef = ACD5213528C79B220027F653 /* MainViewModel.swift */; };
		ACD5213A28C7B3F20027F653 /* BookListCell.swift in Sources */ = {isa = PBXBuildFile; fileRef = ACD5213928C7B3F20027F653 /* BookListCell.swift */; };
		ACD5213E28C7B66C0027F653 /* Container.swift in Sources */ = {isa = PBXBuildFile; fileRef = ACD5213D28C7B66C0027F653 /* Container.swift */; };
/* End PBXBuildFile section */

/* Begin PBXContainerItemProxy section */
		AC4895CA28C73A1B003D230F /* PBXContainerItemProxy */ = {
			isa = PBXContainerItemProxy;
			containerPortal = AC4895AB28C73A1A003D230F /* Project object */;
			proxyType = 1;
			remoteGlobalIDString = AC4895B228C73A1A003D230F;
			remoteInfo = "Book-Finder-App";
		};
		AC4895D428C73A1B003D230F /* PBXContainerItemProxy */ = {
			isa = PBXContainerItemProxy;
			containerPortal = AC4895AB28C73A1A003D230F /* Project object */;
			proxyType = 1;
			remoteGlobalIDString = AC4895B228C73A1A003D230F;
			remoteInfo = "Book-Finder-App";
		};
/* End PBXContainerItemProxy section */

/* Begin PBXFileReference section */
		1C7488EB825BB28639608088 /* Pods-Book-Finder-AppTests.debug.xcconfig */ = {isa = PBXFileReference; includeInIndex = 1; lastKnownFileType = text.xcconfig; name = "Pods-Book-Finder-AppTests.debug.xcconfig"; path = "Target Support Files/Pods-Book-Finder-AppTests/Pods-Book-Finder-AppTests.debug.xcconfig"; sourceTree = "<group>"; };
		4552B433BE3EFA8C93B4CC37 /* Pods_Book_Finder_App.framework */ = {isa = PBXFileReference; explicitFileType = wrapper.framework; includeInIndex = 0; path = Pods_Book_Finder_App.framework; sourceTree = BUILT_PRODUCTS_DIR; };
		59C6500074290CF56CF38A7E /* Pods_Book_Finder_App_Book_Finder_AppUITests.framework */ = {isa = PBXFileReference; explicitFileType = wrapper.framework; includeInIndex = 0; path = Pods_Book_Finder_App_Book_Finder_AppUITests.framework; sourceTree = BUILT_PRODUCTS_DIR; };
		8236CF4F0733B8229BBBC0E1 /* Pods-Book-Finder-App.release.xcconfig */ = {isa = PBXFileReference; includeInIndex = 1; lastKnownFileType = text.xcconfig; name = "Pods-Book-Finder-App.release.xcconfig"; path = "Target Support Files/Pods-Book-Finder-App/Pods-Book-Finder-App.release.xcconfig"; sourceTree = "<group>"; };
		AC4895B328C73A1A003D230F /* Book-Finder-App.app */ = {isa = PBXFileReference; explicitFileType = wrapper.application; includeInIndex = 0; path = "Book-Finder-App.app"; sourceTree = BUILT_PRODUCTS_DIR; };
		AC4895B628C73A1A003D230F /* AppDelegate.swift */ = {isa = PBXFileReference; lastKnownFileType = sourcecode.swift; path = AppDelegate.swift; sourceTree = "<group>"; };
		AC4895B828C73A1A003D230F /* SceneDelegate.swift */ = {isa = PBXFileReference; lastKnownFileType = sourcecode.swift; path = SceneDelegate.swift; sourceTree = "<group>"; };
		AC4895BA28C73A1A003D230F /* MainViewController.swift */ = {isa = PBXFileReference; lastKnownFileType = sourcecode.swift; path = MainViewController.swift; sourceTree = "<group>"; };
		AC4895BF28C73A1B003D230F /* Assets.xcassets */ = {isa = PBXFileReference; lastKnownFileType = folder.assetcatalog; path = Assets.xcassets; sourceTree = "<group>"; };
		AC4895C228C73A1B003D230F /* Base */ = {isa = PBXFileReference; lastKnownFileType = file.storyboard; name = Base; path = Base.lproj/LaunchScreen.storyboard; sourceTree = "<group>"; };
		AC4895C428C73A1B003D230F /* Info.plist */ = {isa = PBXFileReference; lastKnownFileType = text.plist.xml; path = Info.plist; sourceTree = "<group>"; };
		AC4895C928C73A1B003D230F /* Book-Finder-AppTests.xctest */ = {isa = PBXFileReference; explicitFileType = wrapper.cfbundle; includeInIndex = 0; path = "Book-Finder-AppTests.xctest"; sourceTree = BUILT_PRODUCTS_DIR; };
		AC4895CD28C73A1B003D230F /* Book_Finder_AppTests.swift */ = {isa = PBXFileReference; lastKnownFileType = sourcecode.swift; path = Book_Finder_AppTests.swift; sourceTree = "<group>"; };
		AC4895D328C73A1B003D230F /* Book-Finder-AppUITests.xctest */ = {isa = PBXFileReference; explicitFileType = wrapper.cfbundle; includeInIndex = 0; path = "Book-Finder-AppUITests.xctest"; sourceTree = BUILT_PRODUCTS_DIR; };
		AC4895D728C73A1B003D230F /* Book_Finder_AppUITests.swift */ = {isa = PBXFileReference; lastKnownFileType = sourcecode.swift; path = Book_Finder_AppUITests.swift; sourceTree = "<group>"; };
		AC4895D928C73A1B003D230F /* Book_Finder_AppUITestsLaunchTests.swift */ = {isa = PBXFileReference; lastKnownFileType = sourcecode.swift; path = Book_Finder_AppUITestsLaunchTests.swift; sourceTree = "<group>"; };
		AC80C2C828C9943E00297C85 /* UIViewController + Extension.swift */ = {isa = PBXFileReference; lastKnownFileType = sourcecode.swift; path = "UIViewController + Extension.swift"; sourceTree = "<group>"; };
		AC80C2CA28C99B5600297C85 /* Error + Extension.swift */ = {isa = PBXFileReference; lastKnownFileType = sourcecode.swift; path = "Error + Extension.swift"; sourceTree = "<group>"; };
		AC80C2CD28C9BF0400297C85 /* BookDetailView.swift */ = {isa = PBXFileReference; lastKnownFileType = sourcecode.swift; path = BookDetailView.swift; sourceTree = "<group>"; };
		AC80C2CF28C9BF0C00297C85 /* BookDetailViewModel.swift */ = {isa = PBXFileReference; lastKnownFileType = sourcecode.swift; path = BookDetailViewModel.swift; sourceTree = "<group>"; };
		AC80C2D128C9BF1500297C85 /* BookDetailViewController.swift */ = {isa = PBXFileReference; lastKnownFileType = sourcecode.swift; path = BookDetailViewController.swift; sourceTree = "<group>"; };
		AC9F9DEE28C74E6200CCBE07 /* APIError.swift */ = {isa = PBXFileReference; lastKnownFileType = sourcecode.swift; path = APIError.swift; sourceTree = "<group>"; };
		AC9F9DF028C7582900CCBE07 /* APIModel.swift */ = {isa = PBXFileReference; lastKnownFileType = sourcecode.swift; path = APIModel.swift; sourceTree = "<group>"; };
		AC9F9DF228C758A700CCBE07 /* HTTPMethod.swift */ = {isa = PBXFileReference; lastKnownFileType = sourcecode.swift; path = HTTPMethod.swift; sourceTree = "<group>"; };
		AC9F9DF728C763BE00CCBE07 /* SearchResult.swift */ = {isa = PBXFileReference; lastKnownFileType = sourcecode.swift; path = SearchResult.swift; sourceTree = "<group>"; };
		AC9F9DF928C7687400CCBE07 /* BookInfo.swift */ = {isa = PBXFileReference; lastKnownFileType = sourcecode.swift; path = BookInfo.swift; sourceTree = "<group>"; };
		AC9F9DFB28C76A7100CCBE07 /* testSearchResult.json */ = {isa = PBXFileReference; fileEncoding = 4; lastKnownFileType = text.json; path = testSearchResult.json; sourceTree = "<group>"; };
		AC9F9DFD28C76B5600CCBE07 /* DataDecoder.swift */ = {isa = PBXFileReference; lastKnownFileType = sourcecode.swift; path = DataDecoder.swift; sourceTree = "<group>"; };
		ACB9C94E28C7427D0061C492 /* NetworkHandler.swift */ = {isa = PBXFileReference; lastKnownFileType = sourcecode.swift; path = NetworkHandler.swift; sourceTree = "<group>"; };
		ACBBE02728C9EEF8001C818D /* BookMainInfoView.swift */ = {isa = PBXFileReference; lastKnownFileType = sourcecode.swift; path = BookMainInfoView.swift; sourceTree = "<group>"; };
		ACBBE02928C9F3F1001C818D /* BookDescriptionView.swift */ = {isa = PBXFileReference; lastKnownFileType = sourcecode.swift; path = BookDescriptionView.swift; sourceTree = "<group>"; };
		ACBBE02B28C9FE8F001C818D /* BookSubInfoView.swift */ = {isa = PBXFileReference; lastKnownFileType = sourcecode.swift; path = BookSubInfoView.swift; sourceTree = "<group>"; };
		ACBBE02D28CA2333001C818D /* BookPublishInfoView.swift */ = {isa = PBXFileReference; lastKnownFileType = sourcecode.swift; path = BookPublishInfoView.swift; sourceTree = "<group>"; };
		ACBD1C0E28C9CF780030F2AE /* UIView + Extension.swift */ = {isa = PBXFileReference; lastKnownFileType = sourcecode.swift; path = "UIView + Extension.swift"; sourceTree = "<group>"; };
		ACCD094B28C8514800D06F29 /* Collection + Extension.swift */ = {isa = PBXFileReference; lastKnownFileType = sourcecode.swift; path = "Collection + Extension.swift"; sourceTree = "<group>"; };
		ACCD094D28C85E3000D06F29 /* UIImageView + Extension.swift */ = {isa = PBXFileReference; lastKnownFileType = sourcecode.swift; path = "UIImageView + Extension.swift"; sourceTree = "<group>"; };
		ACCD094F28C871B000D06F29 /* BookListCellViewModel.swift */ = {isa = PBXFileReference; lastKnownFileType = sourcecode.swift; path = BookListCellViewModel.swift; sourceTree = "<group>"; };
		ACCD095228C87B7F00D06F29 /* ImageCacheManager.swift */ = {isa = PBXFileReference; lastKnownFileType = sourcecode.swift; path = ImageCacheManager.swift; sourceTree = "<group>"; };
		ACD5213328C79B1B0027F653 /* MainView.swift */ = {isa = PBXFileReference; lastKnownFileType = sourcecode.swift; path = MainView.swift; sourceTree = "<group>"; };
		ACD5213528C79B220027F653 /* MainViewModel.swift */ = {isa = PBXFileReference; lastKnownFileType = sourcecode.swift; path = MainViewModel.swift; sourceTree = "<group>"; };
		ACD5213928C7B3F20027F653 /* BookListCell.swift */ = {isa = PBXFileReference; lastKnownFileType = sourcecode.swift; path = BookListCell.swift; sourceTree = "<group>"; };
		ACD5213D28C7B66C0027F653 /* Container.swift */ = {isa = PBXFileReference; lastKnownFileType = sourcecode.swift; path = Container.swift; sourceTree = "<group>"; };
		C67ED621B7A74FBFAA5A4769 /* Pods_Book_Finder_AppTests.framework */ = {isa = PBXFileReference; explicitFileType = wrapper.framework; includeInIndex = 0; path = Pods_Book_Finder_AppTests.framework; sourceTree = BUILT_PRODUCTS_DIR; };
		CC4ABD8DC900D103E8FB5919 /* Pods-Book-Finder-App.debug.xcconfig */ = {isa = PBXFileReference; includeInIndex = 1; lastKnownFileType = text.xcconfig; name = "Pods-Book-Finder-App.debug.xcconfig"; path = "Target Support Files/Pods-Book-Finder-App/Pods-Book-Finder-App.debug.xcconfig"; sourceTree = "<group>"; };
		CF638B56BA46AE7403600B17 /* Pods-Book-Finder-AppTests.release.xcconfig */ = {isa = PBXFileReference; includeInIndex = 1; lastKnownFileType = text.xcconfig; name = "Pods-Book-Finder-AppTests.release.xcconfig"; path = "Target Support Files/Pods-Book-Finder-AppTests/Pods-Book-Finder-AppTests.release.xcconfig"; sourceTree = "<group>"; };
		EA51C7E13EEDE66DCB2E53D2 /* Pods-Book-Finder-App-Book-Finder-AppUITests.debug.xcconfig */ = {isa = PBXFileReference; includeInIndex = 1; lastKnownFileType = text.xcconfig; name = "Pods-Book-Finder-App-Book-Finder-AppUITests.debug.xcconfig"; path = "Target Support Files/Pods-Book-Finder-App-Book-Finder-AppUITests/Pods-Book-Finder-App-Book-Finder-AppUITests.debug.xcconfig"; sourceTree = "<group>"; };
		F27C2B3F510D8460F8728145 /* Pods-Book-Finder-App-Book-Finder-AppUITests.release.xcconfig */ = {isa = PBXFileReference; includeInIndex = 1; lastKnownFileType = text.xcconfig; name = "Pods-Book-Finder-App-Book-Finder-AppUITests.release.xcconfig"; path = "Target Support Files/Pods-Book-Finder-App-Book-Finder-AppUITests/Pods-Book-Finder-App-Book-Finder-AppUITests.release.xcconfig"; sourceTree = "<group>"; };
/* End PBXFileReference section */

/* Begin PBXFrameworksBuildPhase section */
		AC4895B028C73A1A003D230F /* Frameworks */ = {
			isa = PBXFrameworksBuildPhase;
			buildActionMask = 2147483647;
			files = (
				9E3F18C90B16164C950DE18A /* Pods_Book_Finder_App.framework in Frameworks */,
			);
			runOnlyForDeploymentPostprocessing = 0;
		};
		AC4895C628C73A1B003D230F /* Frameworks */ = {
			isa = PBXFrameworksBuildPhase;
			buildActionMask = 2147483647;
			files = (
				08434B78A201B049AAF4B418 /* Pods_Book_Finder_AppTests.framework in Frameworks */,
			);
			runOnlyForDeploymentPostprocessing = 0;
		};
		AC4895D028C73A1B003D230F /* Frameworks */ = {
			isa = PBXFrameworksBuildPhase;
			buildActionMask = 2147483647;
			files = (
				471BA4C91C08B1E137A38C83 /* Pods_Book_Finder_App_Book_Finder_AppUITests.framework in Frameworks */,
			);
			runOnlyForDeploymentPostprocessing = 0;
		};
/* End PBXFrameworksBuildPhase section */

/* Begin PBXGroup section */
		1706B9C3C0DECB8167352941 /* Pods */ = {
			isa = PBXGroup;
			children = (
				CC4ABD8DC900D103E8FB5919 /* Pods-Book-Finder-App.debug.xcconfig */,
				8236CF4F0733B8229BBBC0E1 /* Pods-Book-Finder-App.release.xcconfig */,
				EA51C7E13EEDE66DCB2E53D2 /* Pods-Book-Finder-App-Book-Finder-AppUITests.debug.xcconfig */,
				F27C2B3F510D8460F8728145 /* Pods-Book-Finder-App-Book-Finder-AppUITests.release.xcconfig */,
				1C7488EB825BB28639608088 /* Pods-Book-Finder-AppTests.debug.xcconfig */,
				CF638B56BA46AE7403600B17 /* Pods-Book-Finder-AppTests.release.xcconfig */,
			);
			path = Pods;
			sourceTree = "<group>";
		};
		25DA1517A35734E47E96C122 /* Frameworks */ = {
			isa = PBXGroup;
			children = (
				4552B433BE3EFA8C93B4CC37 /* Pods_Book_Finder_App.framework */,
				59C6500074290CF56CF38A7E /* Pods_Book_Finder_App_Book_Finder_AppUITests.framework */,
				C67ED621B7A74FBFAA5A4769 /* Pods_Book_Finder_AppTests.framework */,
			);
			name = Frameworks;
			sourceTree = "<group>";
		};
		AC4895AA28C73A1A003D230F = {
			isa = PBXGroup;
			children = (
				AC4895B528C73A1A003D230F /* Book-Finder-App */,
				AC4895CC28C73A1B003D230F /* Book-Finder-AppTests */,
				AC4895D628C73A1B003D230F /* Book-Finder-AppUITests */,
				AC4895B428C73A1A003D230F /* Products */,
				1706B9C3C0DECB8167352941 /* Pods */,
				25DA1517A35734E47E96C122 /* Frameworks */,
			);
			sourceTree = "<group>";
		};
		AC4895B428C73A1A003D230F /* Products */ = {
			isa = PBXGroup;
			children = (
				AC4895B328C73A1A003D230F /* Book-Finder-App.app */,
				AC4895C928C73A1B003D230F /* Book-Finder-AppTests.xctest */,
				AC4895D328C73A1B003D230F /* Book-Finder-AppUITests.xctest */,
			);
			name = Products;
			sourceTree = "<group>";
		};
		AC4895B528C73A1A003D230F /* Book-Finder-App */ = {
			isa = PBXGroup;
			children = (
				AC4895B628C73A1A003D230F /* AppDelegate.swift */,
				AC4895B828C73A1A003D230F /* SceneDelegate.swift */,
				ACD5213D28C7B66C0027F653 /* Container.swift */,
				AC9F9DF628C763A500CCBE07 /* ItemModels */,
				ACB9C94D28C742680061C492 /* Utils */,
				ACD5213728C79B2E0027F653 /* Scenes */,
				AC4895BF28C73A1B003D230F /* Assets.xcassets */,
				AC4895C128C73A1B003D230F /* LaunchScreen.storyboard */,
				AC4895C428C73A1B003D230F /* Info.plist */,
			);
			path = "Book-Finder-App";
			sourceTree = "<group>";
		};
		AC4895CC28C73A1B003D230F /* Book-Finder-AppTests */ = {
			isa = PBXGroup;
			children = (
				AC9F9DFB28C76A7100CCBE07 /* testSearchResult.json */,
				AC4895CD28C73A1B003D230F /* Book_Finder_AppTests.swift */,
			);
			path = "Book-Finder-AppTests";
			sourceTree = "<group>";
		};
		AC4895D628C73A1B003D230F /* Book-Finder-AppUITests */ = {
			isa = PBXGroup;
			children = (
				AC4895D728C73A1B003D230F /* Book_Finder_AppUITests.swift */,
				AC4895D928C73A1B003D230F /* Book_Finder_AppUITestsLaunchTests.swift */,
			);
			path = "Book-Finder-AppUITests";
			sourceTree = "<group>";
		};
		AC80C2CC28C9BEEE00297C85 /* BookDetailView */ = {
			isa = PBXGroup;
			children = (
				AC80C2D128C9BF1500297C85 /* BookDetailViewController.swift */,
				AC80C2CD28C9BF0400297C85 /* BookDetailView.swift */,
				ACBBE02628C9EE8C001C818D /* BookDetailContentsViews */,
				AC80C2CF28C9BF0C00297C85 /* BookDetailViewModel.swift */,
			);
			path = BookDetailView;
			sourceTree = "<group>";
		};
		AC9F9DE928C74CD900CCBE07 /* Extension */ = {
			isa = PBXGroup;
			children = (
				ACCD094B28C8514800D06F29 /* Collection + Extension.swift */,
				ACCD094D28C85E3000D06F29 /* UIImageView + Extension.swift */,
				AC80C2C828C9943E00297C85 /* UIViewController + Extension.swift */,
				ACBD1C0E28C9CF780030F2AE /* UIView + Extension.swift */,
				AC80C2CA28C99B5600297C85 /* Error + Extension.swift */,
			);
			path = Extension;
			sourceTree = "<group>";
		};
		AC9F9DED28C74E3E00CCBE07 /* Error */ = {
			isa = PBXGroup;
			children = (
				AC9F9DEE28C74E6200CCBE07 /* APIError.swift */,
			);
			path = Error;
			sourceTree = "<group>";
		};
		AC9F9DF628C763A500CCBE07 /* ItemModels */ = {
			isa = PBXGroup;
			children = (
				AC9F9DF728C763BE00CCBE07 /* SearchResult.swift */,
				AC9F9DF928C7687400CCBE07 /* BookInfo.swift */,
			);
			path = ItemModels;
			sourceTree = "<group>";
		};
		ACB9C94D28C742680061C492 /* Utils */ = {
			isa = PBXGroup;
			children = (
				ACBCC26528C7900300E35408 /* API */,
				AC9F9DFD28C76B5600CCBE07 /* DataDecoder.swift */,
				ACCD095228C87B7F00D06F29 /* ImageCacheManager.swift */,
				AC9F9DED28C74E3E00CCBE07 /* Error */,
				AC9F9DE928C74CD900CCBE07 /* Extension */,
			);
			path = Utils;
			sourceTree = "<group>";
		};
		ACBBE02628C9EE8C001C818D /* BookDetailContentsViews */ = {
			isa = PBXGroup;
			children = (
				ACBBE02728C9EEF8001C818D /* BookMainInfoView.swift */,
				ACBBE02B28C9FE8F001C818D /* BookSubInfoView.swift */,
				ACBBE02928C9F3F1001C818D /* BookDescriptionView.swift */,
				ACBBE02D28CA2333001C818D /* BookPublishInfoView.swift */,
			);
			path = BookDetailContentsViews;
			sourceTree = "<group>";
		};
		ACBCC26528C7900300E35408 /* API */ = {
			isa = PBXGroup;
			children = (
				ACB9C94E28C7427D0061C492 /* NetworkHandler.swift */,
				AC9F9DF028C7582900CCBE07 /* APIModel.swift */,
				AC9F9DF228C758A700CCBE07 /* HTTPMethod.swift */,
			);
			path = API;
			sourceTree = "<group>";
		};
		ACCD095128C8769700D06F29 /* BookListCell */ = {
			isa = PBXGroup;
			children = (
				ACD5213928C7B3F20027F653 /* BookListCell.swift */,
				ACCD094F28C871B000D06F29 /* BookListCellViewModel.swift */,
			);
			path = BookListCell;
			sourceTree = "<group>";
		};
		ACD5213728C79B2E0027F653 /* Scenes */ = {
			isa = PBXGroup;
			children = (
				ACD5213828C79B610027F653 /* MainView */,
				AC80C2CC28C9BEEE00297C85 /* BookDetailView */,
			);
			path = Scenes;
			sourceTree = "<group>";
		};
		ACD5213828C79B610027F653 /* MainView */ = {
			isa = PBXGroup;
			children = (
				AC4895BA28C73A1A003D230F /* MainViewController.swift */,
				ACD5213328C79B1B0027F653 /* MainView.swift */,
				ACD5213528C79B220027F653 /* MainViewModel.swift */,
				ACCD095128C8769700D06F29 /* BookListCell */,
			);
			path = MainView;
			sourceTree = "<group>";
		};
/* End PBXGroup section */

/* Begin PBXNativeTarget section */
		AC4895B228C73A1A003D230F /* Book-Finder-App */ = {
			isa = PBXNativeTarget;
			buildConfigurationList = AC4895DD28C73A1B003D230F /* Build configuration list for PBXNativeTarget "Book-Finder-App" */;
			buildPhases = (
				FC1DA2F6E62D55EB956DB831 /* [CP] Check Pods Manifest.lock */,
				AC4895AF28C73A1A003D230F /* Sources */,
				AC4895B028C73A1A003D230F /* Frameworks */,
				AC4895B128C73A1A003D230F /* Resources */,
				6355A5BBA68FECEEBD34708A /* [CP] Embed Pods Frameworks */,
			);
			buildRules = (
			);
			dependencies = (
			);
			name = "Book-Finder-App";
			productName = "Book-Finder-App";
			productReference = AC4895B328C73A1A003D230F /* Book-Finder-App.app */;
			productType = "com.apple.product-type.application";
		};
		AC4895C828C73A1B003D230F /* Book-Finder-AppTests */ = {
			isa = PBXNativeTarget;
			buildConfigurationList = AC4895E028C73A1B003D230F /* Build configuration list for PBXNativeTarget "Book-Finder-AppTests" */;
			buildPhases = (
				681AFF338678A3582BBA4954 /* [CP] Check Pods Manifest.lock */,
				AC4895C528C73A1B003D230F /* Sources */,
				AC4895C628C73A1B003D230F /* Frameworks */,
				AC4895C728C73A1B003D230F /* Resources */,
			);
			buildRules = (
			);
			dependencies = (
				AC4895CB28C73A1B003D230F /* PBXTargetDependency */,
			);
			name = "Book-Finder-AppTests";
			productName = "Book-Finder-AppTests";
			productReference = AC4895C928C73A1B003D230F /* Book-Finder-AppTests.xctest */;
			productType = "com.apple.product-type.bundle.unit-test";
		};
		AC4895D228C73A1B003D230F /* Book-Finder-AppUITests */ = {
			isa = PBXNativeTarget;
			buildConfigurationList = AC4895E328C73A1B003D230F /* Build configuration list for PBXNativeTarget "Book-Finder-AppUITests" */;
			buildPhases = (
				4A885910CEADCA3EE34B267F /* [CP] Check Pods Manifest.lock */,
				AC4895CF28C73A1B003D230F /* Sources */,
				AC4895D028C73A1B003D230F /* Frameworks */,
				AC4895D128C73A1B003D230F /* Resources */,
				1889A6EF6B046BBC03E3A337 /* [CP] Embed Pods Frameworks */,
			);
			buildRules = (
			);
			dependencies = (
				AC4895D528C73A1B003D230F /* PBXTargetDependency */,
			);
			name = "Book-Finder-AppUITests";
			productName = "Book-Finder-AppUITests";
			productReference = AC4895D328C73A1B003D230F /* Book-Finder-AppUITests.xctest */;
			productType = "com.apple.product-type.bundle.ui-testing";
		};
/* End PBXNativeTarget section */

/* Begin PBXProject section */
		AC4895AB28C73A1A003D230F /* Project object */ = {
			isa = PBXProject;
			attributes = {
				BuildIndependentTargetsInParallel = 1;
				LastSwiftUpdateCheck = 1330;
				LastUpgradeCheck = 1330;
				TargetAttributes = {
					AC4895B228C73A1A003D230F = {
						CreatedOnToolsVersion = 13.3.1;
					};
					AC4895C828C73A1B003D230F = {
						CreatedOnToolsVersion = 13.3.1;
						TestTargetID = AC4895B228C73A1A003D230F;
					};
					AC4895D228C73A1B003D230F = {
						CreatedOnToolsVersion = 13.3.1;
						TestTargetID = AC4895B228C73A1A003D230F;
					};
				};
			};
			buildConfigurationList = AC4895AE28C73A1A003D230F /* Build configuration list for PBXProject "Book-Finder-App" */;
			compatibilityVersion = "Xcode 13.0";
			developmentRegion = en;
			hasScannedForEncodings = 0;
			knownRegions = (
				en,
				Base,
			);
			mainGroup = AC4895AA28C73A1A003D230F;
			productRefGroup = AC4895B428C73A1A003D230F /* Products */;
			projectDirPath = "";
			projectRoot = "";
			targets = (
				AC4895B228C73A1A003D230F /* Book-Finder-App */,
				AC4895C828C73A1B003D230F /* Book-Finder-AppTests */,
				AC4895D228C73A1B003D230F /* Book-Finder-AppUITests */,
			);
		};
/* End PBXProject section */

/* Begin PBXResourcesBuildPhase section */
		AC4895B128C73A1A003D230F /* Resources */ = {
			isa = PBXResourcesBuildPhase;
			buildActionMask = 2147483647;
			files = (
				AC4895C328C73A1B003D230F /* LaunchScreen.storyboard in Resources */,
				AC4895C028C73A1B003D230F /* Assets.xcassets in Resources */,
			);
			runOnlyForDeploymentPostprocessing = 0;
		};
		AC4895C728C73A1B003D230F /* Resources */ = {
			isa = PBXResourcesBuildPhase;
			buildActionMask = 2147483647;
			files = (
				AC9F9DFC28C76A7100CCBE07 /* testSearchResult.json in Resources */,
			);
			runOnlyForDeploymentPostprocessing = 0;
		};
		AC4895D128C73A1B003D230F /* Resources */ = {
			isa = PBXResourcesBuildPhase;
			buildActionMask = 2147483647;
			files = (
			);
			runOnlyForDeploymentPostprocessing = 0;
		};
/* End PBXResourcesBuildPhase section */

/* Begin PBXShellScriptBuildPhase section */
		1889A6EF6B046BBC03E3A337 /* [CP] Embed Pods Frameworks */ = {
			isa = PBXShellScriptBuildPhase;
			buildActionMask = 2147483647;
			files = (
			);
			inputFileListPaths = (
				"${PODS_ROOT}/Target Support Files/Pods-Book-Finder-App-Book-Finder-AppUITests/Pods-Book-Finder-App-Book-Finder-AppUITests-frameworks-${CONFIGURATION}-input-files.xcfilelist",
			);
			name = "[CP] Embed Pods Frameworks";
			outputFileListPaths = (
				"${PODS_ROOT}/Target Support Files/Pods-Book-Finder-App-Book-Finder-AppUITests/Pods-Book-Finder-App-Book-Finder-AppUITests-frameworks-${CONFIGURATION}-output-files.xcfilelist",
			);
			runOnlyForDeploymentPostprocessing = 0;
			shellPath = /bin/sh;
			shellScript = "\"${PODS_ROOT}/Target Support Files/Pods-Book-Finder-App-Book-Finder-AppUITests/Pods-Book-Finder-App-Book-Finder-AppUITests-frameworks.sh\"\n";
			showEnvVarsInLog = 0;
		};
		4A885910CEADCA3EE34B267F /* [CP] Check Pods Manifest.lock */ = {
			isa = PBXShellScriptBuildPhase;
			buildActionMask = 2147483647;
			files = (
			);
			inputFileListPaths = (
			);
			inputPaths = (
				"${PODS_PODFILE_DIR_PATH}/Podfile.lock",
				"${PODS_ROOT}/Manifest.lock",
			);
			name = "[CP] Check Pods Manifest.lock";
			outputFileListPaths = (
			);
			outputPaths = (
				"$(DERIVED_FILE_DIR)/Pods-Book-Finder-App-Book-Finder-AppUITests-checkManifestLockResult.txt",
			);
			runOnlyForDeploymentPostprocessing = 0;
			shellPath = /bin/sh;
			shellScript = "diff \"${PODS_PODFILE_DIR_PATH}/Podfile.lock\" \"${PODS_ROOT}/Manifest.lock\" > /dev/null\nif [ $? != 0 ] ; then\n    # print error to STDERR\n    echo \"error: The sandbox is not in sync with the Podfile.lock. Run 'pod install' or update your CocoaPods installation.\" >&2\n    exit 1\nfi\n# This output is used by Xcode 'outputs' to avoid re-running this script phase.\necho \"SUCCESS\" > \"${SCRIPT_OUTPUT_FILE_0}\"\n";
			showEnvVarsInLog = 0;
		};
		6355A5BBA68FECEEBD34708A /* [CP] Embed Pods Frameworks */ = {
			isa = PBXShellScriptBuildPhase;
			buildActionMask = 2147483647;
			files = (
			);
			inputFileListPaths = (
				"${PODS_ROOT}/Target Support Files/Pods-Book-Finder-App/Pods-Book-Finder-App-frameworks-${CONFIGURATION}-input-files.xcfilelist",
			);
			name = "[CP] Embed Pods Frameworks";
			outputFileListPaths = (
				"${PODS_ROOT}/Target Support Files/Pods-Book-Finder-App/Pods-Book-Finder-App-frameworks-${CONFIGURATION}-output-files.xcfilelist",
			);
			runOnlyForDeploymentPostprocessing = 0;
			shellPath = /bin/sh;
			shellScript = "\"${PODS_ROOT}/Target Support Files/Pods-Book-Finder-App/Pods-Book-Finder-App-frameworks.sh\"\n";
			showEnvVarsInLog = 0;
		};
		681AFF338678A3582BBA4954 /* [CP] Check Pods Manifest.lock */ = {
			isa = PBXShellScriptBuildPhase;
			buildActionMask = 2147483647;
			files = (
			);
			inputFileListPaths = (
			);
			inputPaths = (
				"${PODS_PODFILE_DIR_PATH}/Podfile.lock",
				"${PODS_ROOT}/Manifest.lock",
			);
			name = "[CP] Check Pods Manifest.lock";
			outputFileListPaths = (
			);
			outputPaths = (
				"$(DERIVED_FILE_DIR)/Pods-Book-Finder-AppTests-checkManifestLockResult.txt",
			);
			runOnlyForDeploymentPostprocessing = 0;
			shellPath = /bin/sh;
			shellScript = "diff \"${PODS_PODFILE_DIR_PATH}/Podfile.lock\" \"${PODS_ROOT}/Manifest.lock\" > /dev/null\nif [ $? != 0 ] ; then\n    # print error to STDERR\n    echo \"error: The sandbox is not in sync with the Podfile.lock. Run 'pod install' or update your CocoaPods installation.\" >&2\n    exit 1\nfi\n# This output is used by Xcode 'outputs' to avoid re-running this script phase.\necho \"SUCCESS\" > \"${SCRIPT_OUTPUT_FILE_0}\"\n";
			showEnvVarsInLog = 0;
		};
		FC1DA2F6E62D55EB956DB831 /* [CP] Check Pods Manifest.lock */ = {
			isa = PBXShellScriptBuildPhase;
			buildActionMask = 2147483647;
			files = (
			);
			inputFileListPaths = (
			);
			inputPaths = (
				"${PODS_PODFILE_DIR_PATH}/Podfile.lock",
				"${PODS_ROOT}/Manifest.lock",
			);
			name = "[CP] Check Pods Manifest.lock";
			outputFileListPaths = (
			);
			outputPaths = (
				"$(DERIVED_FILE_DIR)/Pods-Book-Finder-App-checkManifestLockResult.txt",
			);
			runOnlyForDeploymentPostprocessing = 0;
			shellPath = /bin/sh;
			shellScript = "diff \"${PODS_PODFILE_DIR_PATH}/Podfile.lock\" \"${PODS_ROOT}/Manifest.lock\" > /dev/null\nif [ $? != 0 ] ; then\n    # print error to STDERR\n    echo \"error: The sandbox is not in sync with the Podfile.lock. Run 'pod install' or update your CocoaPods installation.\" >&2\n    exit 1\nfi\n# This output is used by Xcode 'outputs' to avoid re-running this script phase.\necho \"SUCCESS\" > \"${SCRIPT_OUTPUT_FILE_0}\"\n";
			showEnvVarsInLog = 0;
		};
/* End PBXShellScriptBuildPhase section */

/* Begin PBXSourcesBuildPhase section */
		AC4895AF28C73A1A003D230F /* Sources */ = {
			isa = PBXSourcesBuildPhase;
			buildActionMask = 2147483647;
			files = (
				ACCD095028C871B000D06F29 /* BookListCellViewModel.swift in Sources */,
				AC9F9DFA28C7687400CCBE07 /* BookInfo.swift in Sources */,
				ACCD095328C87B7F00D06F29 /* ImageCacheManager.swift in Sources */,
				AC9F9DFE28C76B5600CCBE07 /* DataDecoder.swift in Sources */,
				AC80C2CB28C99B5600297C85 /* Error + Extension.swift in Sources */,
				AC9F9DF128C7582900CCBE07 /* APIModel.swift in Sources */,
				AC9F9DF828C763BE00CCBE07 /* SearchResult.swift in Sources */,
				ACD5213A28C7B3F20027F653 /* BookListCell.swift in Sources */,
				AC4895BB28C73A1A003D230F /* MainViewController.swift in Sources */,
				ACBBE02E28CA2333001C818D /* BookPublishInfoView.swift in Sources */,
				AC4895B728C73A1A003D230F /* AppDelegate.swift in Sources */,
				ACBBE02C28C9FE8F001C818D /* BookSubInfoView.swift in Sources */,
				AC80C2D228C9BF1500297C85 /* BookDetailViewController.swift in Sources */,
				AC9F9DF328C758A700CCBE07 /* HTTPMethod.swift in Sources */,
				ACD5213428C79B1B0027F653 /* MainView.swift in Sources */,
				ACBBE02828C9EEF8001C818D /* BookMainInfoView.swift in Sources */,
				ACBBE02A28C9F3F1001C818D /* BookDescriptionView.swift in Sources */,
				AC4895B928C73A1A003D230F /* SceneDelegate.swift in Sources */,
				AC80C2CE28C9BF0400297C85 /* BookDetailView.swift in Sources */,
				ACCD094C28C8514800D06F29 /* Collection + Extension.swift in Sources */,
				ACB9C94F28C7427D0061C492 /* NetworkHandler.swift in Sources */,
				ACCD094E28C85E3000D06F29 /* UIImageView + Extension.swift in Sources */,
				AC80C2C928C9943E00297C85 /* UIViewController + Extension.swift in Sources */,
				AC80C2D028C9BF0C00297C85 /* BookDetailViewModel.swift in Sources */,
				ACBD1C0F28C9CF780030F2AE /* UIView + Extension.swift in Sources */,
				ACD5213E28C7B66C0027F653 /* Container.swift in Sources */,
				AC9F9DEF28C74E6200CCBE07 /* APIError.swift in Sources */,
				ACD5213628C79B220027F653 /* MainViewModel.swift in Sources */,
			);
			runOnlyForDeploymentPostprocessing = 0;
		};
		AC4895C528C73A1B003D230F /* Sources */ = {
			isa = PBXSourcesBuildPhase;
			buildActionMask = 2147483647;
			files = (
				AC4895CE28C73A1B003D230F /* Book_Finder_AppTests.swift in Sources */,
			);
			runOnlyForDeploymentPostprocessing = 0;
		};
		AC4895CF28C73A1B003D230F /* Sources */ = {
			isa = PBXSourcesBuildPhase;
			buildActionMask = 2147483647;
			files = (
				AC4895D828C73A1B003D230F /* Book_Finder_AppUITests.swift in Sources */,
				AC4895DA28C73A1B003D230F /* Book_Finder_AppUITestsLaunchTests.swift in Sources */,
			);
			runOnlyForDeploymentPostprocessing = 0;
		};
/* End PBXSourcesBuildPhase section */

/* Begin PBXTargetDependency section */
		AC4895CB28C73A1B003D230F /* PBXTargetDependency */ = {
			isa = PBXTargetDependency;
			target = AC4895B228C73A1A003D230F /* Book-Finder-App */;
			targetProxy = AC4895CA28C73A1B003D230F /* PBXContainerItemProxy */;
		};
		AC4895D528C73A1B003D230F /* PBXTargetDependency */ = {
			isa = PBXTargetDependency;
			target = AC4895B228C73A1A003D230F /* Book-Finder-App */;
			targetProxy = AC4895D428C73A1B003D230F /* PBXContainerItemProxy */;
		};
/* End PBXTargetDependency section */

/* Begin PBXVariantGroup section */
		AC4895C128C73A1B003D230F /* LaunchScreen.storyboard */ = {
			isa = PBXVariantGroup;
			children = (
				AC4895C228C73A1B003D230F /* Base */,
			);
			name = LaunchScreen.storyboard;
			sourceTree = "<group>";
		};
/* End PBXVariantGroup section */

/* Begin XCBuildConfiguration section */
		AC4895DB28C73A1B003D230F /* Debug */ = {
			isa = XCBuildConfiguration;
			buildSettings = {
				ALWAYS_SEARCH_USER_PATHS = NO;
				CLANG_ANALYZER_NONNULL = YES;
				CLANG_ANALYZER_NUMBER_OBJECT_CONVERSION = YES_AGGRESSIVE;
				CLANG_CXX_LANGUAGE_STANDARD = "gnu++17";
				CLANG_ENABLE_MODULES = YES;
				CLANG_ENABLE_OBJC_ARC = YES;
				CLANG_ENABLE_OBJC_WEAK = YES;
				CLANG_WARN_BLOCK_CAPTURE_AUTORELEASING = YES;
				CLANG_WARN_BOOL_CONVERSION = YES;
				CLANG_WARN_COMMA = YES;
				CLANG_WARN_CONSTANT_CONVERSION = YES;
				CLANG_WARN_DEPRECATED_OBJC_IMPLEMENTATIONS = YES;
				CLANG_WARN_DIRECT_OBJC_ISA_USAGE = YES_ERROR;
				CLANG_WARN_DOCUMENTATION_COMMENTS = YES;
				CLANG_WARN_EMPTY_BODY = YES;
				CLANG_WARN_ENUM_CONVERSION = YES;
				CLANG_WARN_INFINITE_RECURSION = YES;
				CLANG_WARN_INT_CONVERSION = YES;
				CLANG_WARN_NON_LITERAL_NULL_CONVERSION = YES;
				CLANG_WARN_OBJC_IMPLICIT_RETAIN_SELF = YES;
				CLANG_WARN_OBJC_LITERAL_CONVERSION = YES;
				CLANG_WARN_OBJC_ROOT_CLASS = YES_ERROR;
				CLANG_WARN_QUOTED_INCLUDE_IN_FRAMEWORK_HEADER = YES;
				CLANG_WARN_RANGE_LOOP_ANALYSIS = YES;
				CLANG_WARN_STRICT_PROTOTYPES = YES;
				CLANG_WARN_SUSPICIOUS_MOVE = YES;
				CLANG_WARN_UNGUARDED_AVAILABILITY = YES_AGGRESSIVE;
				CLANG_WARN_UNREACHABLE_CODE = YES;
				CLANG_WARN__DUPLICATE_METHOD_MATCH = YES;
				COPY_PHASE_STRIP = NO;
				DEBUG_INFORMATION_FORMAT = dwarf;
				ENABLE_STRICT_OBJC_MSGSEND = YES;
				ENABLE_TESTABILITY = YES;
				GCC_C_LANGUAGE_STANDARD = gnu11;
				GCC_DYNAMIC_NO_PIC = NO;
				GCC_NO_COMMON_BLOCKS = YES;
				GCC_OPTIMIZATION_LEVEL = 0;
				GCC_PREPROCESSOR_DEFINITIONS = (
					"DEBUG=1",
					"$(inherited)",
				);
				GCC_WARN_64_TO_32_BIT_CONVERSION = YES;
				GCC_WARN_ABOUT_RETURN_TYPE = YES_ERROR;
				GCC_WARN_UNDECLARED_SELECTOR = YES;
				GCC_WARN_UNINITIALIZED_AUTOS = YES_AGGRESSIVE;
				GCC_WARN_UNUSED_FUNCTION = YES;
				GCC_WARN_UNUSED_VARIABLE = YES;
				IPHONEOS_DEPLOYMENT_TARGET = 14.1;
				MTL_ENABLE_DEBUG_INFO = INCLUDE_SOURCE;
				MTL_FAST_MATH = YES;
				ONLY_ACTIVE_ARCH = YES;
				SDKROOT = iphoneos;
				SWIFT_ACTIVE_COMPILATION_CONDITIONS = DEBUG;
				SWIFT_OPTIMIZATION_LEVEL = "-Onone";
			};
			name = Debug;
		};
		AC4895DC28C73A1B003D230F /* Release */ = {
			isa = XCBuildConfiguration;
			buildSettings = {
				ALWAYS_SEARCH_USER_PATHS = NO;
				CLANG_ANALYZER_NONNULL = YES;
				CLANG_ANALYZER_NUMBER_OBJECT_CONVERSION = YES_AGGRESSIVE;
				CLANG_CXX_LANGUAGE_STANDARD = "gnu++17";
				CLANG_ENABLE_MODULES = YES;
				CLANG_ENABLE_OBJC_ARC = YES;
				CLANG_ENABLE_OBJC_WEAK = YES;
				CLANG_WARN_BLOCK_CAPTURE_AUTORELEASING = YES;
				CLANG_WARN_BOOL_CONVERSION = YES;
				CLANG_WARN_COMMA = YES;
				CLANG_WARN_CONSTANT_CONVERSION = YES;
				CLANG_WARN_DEPRECATED_OBJC_IMPLEMENTATIONS = YES;
				CLANG_WARN_DIRECT_OBJC_ISA_USAGE = YES_ERROR;
				CLANG_WARN_DOCUMENTATION_COMMENTS = YES;
				CLANG_WARN_EMPTY_BODY = YES;
				CLANG_WARN_ENUM_CONVERSION = YES;
				CLANG_WARN_INFINITE_RECURSION = YES;
				CLANG_WARN_INT_CONVERSION = YES;
				CLANG_WARN_NON_LITERAL_NULL_CONVERSION = YES;
				CLANG_WARN_OBJC_IMPLICIT_RETAIN_SELF = YES;
				CLANG_WARN_OBJC_LITERAL_CONVERSION = YES;
				CLANG_WARN_OBJC_ROOT_CLASS = YES_ERROR;
				CLANG_WARN_QUOTED_INCLUDE_IN_FRAMEWORK_HEADER = YES;
				CLANG_WARN_RANGE_LOOP_ANALYSIS = YES;
				CLANG_WARN_STRICT_PROTOTYPES = YES;
				CLANG_WARN_SUSPICIOUS_MOVE = YES;
				CLANG_WARN_UNGUARDED_AVAILABILITY = YES_AGGRESSIVE;
				CLANG_WARN_UNREACHABLE_CODE = YES;
				CLANG_WARN__DUPLICATE_METHOD_MATCH = YES;
				COPY_PHASE_STRIP = NO;
				DEBUG_INFORMATION_FORMAT = "dwarf-with-dsym";
				ENABLE_NS_ASSERTIONS = NO;
				ENABLE_STRICT_OBJC_MSGSEND = YES;
				GCC_C_LANGUAGE_STANDARD = gnu11;
				GCC_NO_COMMON_BLOCKS = YES;
				GCC_WARN_64_TO_32_BIT_CONVERSION = YES;
				GCC_WARN_ABOUT_RETURN_TYPE = YES_ERROR;
				GCC_WARN_UNDECLARED_SELECTOR = YES;
				GCC_WARN_UNINITIALIZED_AUTOS = YES_AGGRESSIVE;
				GCC_WARN_UNUSED_FUNCTION = YES;
				GCC_WARN_UNUSED_VARIABLE = YES;
				IPHONEOS_DEPLOYMENT_TARGET = 14.1;
				MTL_ENABLE_DEBUG_INFO = NO;
				MTL_FAST_MATH = YES;
				SDKROOT = iphoneos;
				SWIFT_COMPILATION_MODE = wholemodule;
				SWIFT_OPTIMIZATION_LEVEL = "-O";
				VALIDATE_PRODUCT = YES;
			};
			name = Release;
		};
		AC4895DE28C73A1B003D230F /* Debug */ = {
			isa = XCBuildConfiguration;
			baseConfigurationReference = CC4ABD8DC900D103E8FB5919 /* Pods-Book-Finder-App.debug.xcconfig */;
			buildSettings = {
				ASSETCATALOG_COMPILER_APPICON_NAME = AppIcon;
				ASSETCATALOG_COMPILER_GLOBAL_ACCENT_COLOR_NAME = AccentColor;
				CODE_SIGN_STYLE = Automatic;
				CURRENT_PROJECT_VERSION = 1;
				DEVELOPMENT_TEAM = SD8J3B58T9;
				GENERATE_INFOPLIST_FILE = YES;
				INFOPLIST_FILE = "Book-Finder-App/Info.plist";
				INFOPLIST_KEY_UIApplicationSupportsIndirectInputEvents = YES;
				INFOPLIST_KEY_UILaunchStoryboardName = LaunchScreen;
				INFOPLIST_KEY_UISupportedInterfaceOrientations_iPad = "UIInterfaceOrientationPortrait UIInterfaceOrientationPortraitUpsideDown UIInterfaceOrientationLandscapeLeft UIInterfaceOrientationLandscapeRight";
				INFOPLIST_KEY_UISupportedInterfaceOrientations_iPhone = "UIInterfaceOrientationPortrait UIInterfaceOrientationLandscapeLeft UIInterfaceOrientationLandscapeRight";
				IPHONEOS_DEPLOYMENT_TARGET = 14.1;
				LD_RUNPATH_SEARCH_PATHS = (
					"$(inherited)",
					"@executable_path/Frameworks",
				);
				MARKETING_VERSION = 1.0;
				PRODUCT_BUNDLE_IDENTIFIER = "Doogie.Book-Finder-App";
				PRODUCT_NAME = "$(TARGET_NAME)";
				SWIFT_EMIT_LOC_STRINGS = YES;
				SWIFT_VERSION = 5.0;
				TARGETED_DEVICE_FAMILY = "1,2";
			};
			name = Debug;
		};
		AC4895DF28C73A1B003D230F /* Release */ = {
			isa = XCBuildConfiguration;
			baseConfigurationReference = 8236CF4F0733B8229BBBC0E1 /* Pods-Book-Finder-App.release.xcconfig */;
			buildSettings = {
				ASSETCATALOG_COMPILER_APPICON_NAME = AppIcon;
				ASSETCATALOG_COMPILER_GLOBAL_ACCENT_COLOR_NAME = AccentColor;
				CODE_SIGN_STYLE = Automatic;
				CURRENT_PROJECT_VERSION = 1;
				DEVELOPMENT_TEAM = SD8J3B58T9;
				GENERATE_INFOPLIST_FILE = YES;
				INFOPLIST_FILE = "Book-Finder-App/Info.plist";
				INFOPLIST_KEY_UIApplicationSupportsIndirectInputEvents = YES;
				INFOPLIST_KEY_UILaunchStoryboardName = LaunchScreen;
				INFOPLIST_KEY_UISupportedInterfaceOrientations_iPad = "UIInterfaceOrientationPortrait UIInterfaceOrientationPortraitUpsideDown UIInterfaceOrientationLandscapeLeft UIInterfaceOrientationLandscapeRight";
				INFOPLIST_KEY_UISupportedInterfaceOrientations_iPhone = "UIInterfaceOrientationPortrait UIInterfaceOrientationLandscapeLeft UIInterfaceOrientationLandscapeRight";
				IPHONEOS_DEPLOYMENT_TARGET = 14.1;
				LD_RUNPATH_SEARCH_PATHS = (
					"$(inherited)",
					"@executable_path/Frameworks",
				);
				MARKETING_VERSION = 1.0;
				PRODUCT_BUNDLE_IDENTIFIER = "Doogie.Book-Finder-App";
				PRODUCT_NAME = "$(TARGET_NAME)";
				SWIFT_EMIT_LOC_STRINGS = YES;
				SWIFT_VERSION = 5.0;
				TARGETED_DEVICE_FAMILY = "1,2";
			};
			name = Release;
		};
		AC4895E128C73A1B003D230F /* Debug */ = {
			isa = XCBuildConfiguration;
			baseConfigurationReference = 1C7488EB825BB28639608088 /* Pods-Book-Finder-AppTests.debug.xcconfig */;
			buildSettings = {
				ALWAYS_EMBED_SWIFT_STANDARD_LIBRARIES = YES;
				BUNDLE_LOADER = "$(TEST_HOST)";
				CODE_SIGN_STYLE = Automatic;
				CURRENT_PROJECT_VERSION = 1;
				DEVELOPMENT_TEAM = SD8J3B58T9;
				GENERATE_INFOPLIST_FILE = YES;
				IPHONEOS_DEPLOYMENT_TARGET = 15.4;
				MARKETING_VERSION = 1.0;
				PRODUCT_BUNDLE_IDENTIFIER = "Doogie.Book-Finder-AppTests";
				PRODUCT_NAME = "$(TARGET_NAME)";
				SWIFT_EMIT_LOC_STRINGS = NO;
				SWIFT_VERSION = 5.0;
				TARGETED_DEVICE_FAMILY = "1,2";
				TEST_HOST = "$(BUILT_PRODUCTS_DIR)/Book-Finder-App.app/Book-Finder-App";
			};
			name = Debug;
		};
		AC4895E228C73A1B003D230F /* Release */ = {
			isa = XCBuildConfiguration;
			baseConfigurationReference = CF638B56BA46AE7403600B17 /* Pods-Book-Finder-AppTests.release.xcconfig */;
			buildSettings = {
				ALWAYS_EMBED_SWIFT_STANDARD_LIBRARIES = YES;
				BUNDLE_LOADER = "$(TEST_HOST)";
				CODE_SIGN_STYLE = Automatic;
				CURRENT_PROJECT_VERSION = 1;
				DEVELOPMENT_TEAM = SD8J3B58T9;
				GENERATE_INFOPLIST_FILE = YES;
				IPHONEOS_DEPLOYMENT_TARGET = 15.4;
				MARKETING_VERSION = 1.0;
				PRODUCT_BUNDLE_IDENTIFIER = "Doogie.Book-Finder-AppTests";
				PRODUCT_NAME = "$(TARGET_NAME)";
				SWIFT_EMIT_LOC_STRINGS = NO;
				SWIFT_VERSION = 5.0;
				TARGETED_DEVICE_FAMILY = "1,2";
				TEST_HOST = "$(BUILT_PRODUCTS_DIR)/Book-Finder-App.app/Book-Finder-App";
			};
			name = Release;
		};
		AC4895E428C73A1B003D230F /* Debug */ = {
			isa = XCBuildConfiguration;
			baseConfigurationReference = EA51C7E13EEDE66DCB2E53D2 /* Pods-Book-Finder-App-Book-Finder-AppUITests.debug.xcconfig */;
			buildSettings = {
				ALWAYS_EMBED_SWIFT_STANDARD_LIBRARIES = YES;
				CODE_SIGN_STYLE = Automatic;
				CURRENT_PROJECT_VERSION = 1;
				DEVELOPMENT_TEAM = SD8J3B58T9;
				GENERATE_INFOPLIST_FILE = YES;
				MARKETING_VERSION = 1.0;
				PRODUCT_BUNDLE_IDENTIFIER = "Doogie.Book-Finder-AppUITests";
				PRODUCT_NAME = "$(TARGET_NAME)";
				SWIFT_EMIT_LOC_STRINGS = NO;
				SWIFT_VERSION = 5.0;
				TARGETED_DEVICE_FAMILY = "1,2";
				TEST_TARGET_NAME = "Book-Finder-App";
			};
			name = Debug;
		};
		AC4895E528C73A1B003D230F /* Release */ = {
			isa = XCBuildConfiguration;
			baseConfigurationReference = F27C2B3F510D8460F8728145 /* Pods-Book-Finder-App-Book-Finder-AppUITests.release.xcconfig */;
			buildSettings = {
				ALWAYS_EMBED_SWIFT_STANDARD_LIBRARIES = YES;
				CODE_SIGN_STYLE = Automatic;
				CURRENT_PROJECT_VERSION = 1;
				DEVELOPMENT_TEAM = SD8J3B58T9;
				GENERATE_INFOPLIST_FILE = YES;
				MARKETING_VERSION = 1.0;
				PRODUCT_BUNDLE_IDENTIFIER = "Doogie.Book-Finder-AppUITests";
				PRODUCT_NAME = "$(TARGET_NAME)";
				SWIFT_EMIT_LOC_STRINGS = NO;
				SWIFT_VERSION = 5.0;
				TARGETED_DEVICE_FAMILY = "1,2";
				TEST_TARGET_NAME = "Book-Finder-App";
			};
			name = Release;
		};
/* End XCBuildConfiguration section */

/* Begin XCConfigurationList section */
		AC4895AE28C73A1A003D230F /* Build configuration list for PBXProject "Book-Finder-App" */ = {
			isa = XCConfigurationList;
			buildConfigurations = (
				AC4895DB28C73A1B003D230F /* Debug */,
				AC4895DC28C73A1B003D230F /* Release */,
			);
			defaultConfigurationIsVisible = 0;
			defaultConfigurationName = Release;
		};
		AC4895DD28C73A1B003D230F /* Build configuration list for PBXNativeTarget "Book-Finder-App" */ = {
			isa = XCConfigurationList;
			buildConfigurations = (
				AC4895DE28C73A1B003D230F /* Debug */,
				AC4895DF28C73A1B003D230F /* Release */,
			);
			defaultConfigurationIsVisible = 0;
			defaultConfigurationName = Release;
		};
		AC4895E028C73A1B003D230F /* Build configuration list for PBXNativeTarget "Book-Finder-AppTests" */ = {
			isa = XCConfigurationList;
			buildConfigurations = (
				AC4895E128C73A1B003D230F /* Debug */,
				AC4895E228C73A1B003D230F /* Release */,
			);
			defaultConfigurationIsVisible = 0;
			defaultConfigurationName = Release;
		};
		AC4895E328C73A1B003D230F /* Build configuration list for PBXNativeTarget "Book-Finder-AppUITests" */ = {
			isa = XCConfigurationList;
			buildConfigurations = (
				AC4895E428C73A1B003D230F /* Debug */,
				AC4895E528C73A1B003D230F /* Release */,
			);
			defaultConfigurationIsVisible = 0;
			defaultConfigurationName = Release;
		};
/* End XCConfigurationList section */
	};
	rootObject = AC4895AB28C73A1A003D230F /* Project object */;
}
